
Microsoft Visual Studio Solution File, Format Version 12.00
Project("{FAE04EC0-301F-11D3-BF4B-00C04F79EFBC}") = "Logic", "Logic\Logic.csproj", "{209466CD-2D39-4EA5-B6E0-1FA6895A55AF}"
EndProject
Project("{FAE04EC0-301F-11D3-BF4B-00C04F79EFBC}") = "Console", "Console\Console.csproj", "{B2E3FE4B-F810-4AC0-9419-A60F9BD18E9A}"
EndProject
Global
	GlobalSection(SolutionConfigurationPlatforms) = preSolution
		Debug|Any CPU = Debug|Any CPU
		Release|Any CPU = Release|Any CPU
	EndGlobalSection
	GlobalSection(ProjectConfigurationPlatforms) = postSolution
		{209466CD-2D39-4EA5-B6E0-1FA6895A55AF}.Debug|Any CPU.ActiveCfg = Debug|Any CPU
		{209466CD-2D39-4EA5-B6E0-1FA6895A55AF}.Debug|Any CPU.Build.0 = Debug|Any CPU
		{209466CD-2D39-4EA5-B6E0-1FA6895A55AF}.Release|Any CPU.ActiveCfg = Release|Any CPU
		{209466CD-2D39-4EA5-B6E0-1FA6895A55AF}.Release|Any CPU.Build.0 = Release|Any CPU
		{B2E3FE4B-F810-4AC0-9419-A60F9BD18E9A}.Debug|Any CPU.ActiveCfg = Debug|Any CPU
		{B2E3FE4B-F810-4AC0-9419-A60F9BD18E9A}.Debug|Any CPU.Build.0 = Debug|Any CPU
		{B2E3FE4B-F810-4AC0-9419-A60F9BD18E9A}.Release|Any CPU.ActiveCfg = Release|Any CPU
		{B2E3FE4B-F810-4AC0-9419-A60F9BD18E9A}.Release|Any CPU.Build.0 = Release|Any CPU
	EndGlobalSection
EndGlobal
